{
  "version": 1,
  "manifestHash": "294b0b088b52b79d08b035a3582079c07198e5f4eb36ae16b635377d3b057031",
  "phases": [
    {
      "name": "done",
      "resolvedPath": ".claude/phases/done.ts",
      "contentHash": "ea22b2775fd243d80e03224ff8c3cb1a76e5a9eca6c58f467479a0709f7f3073",
      "schemaHash": "65b20b69643a6f7b1250b4949e0d1dffd022aa9573aadd952a07759879ebc98f"
    },
    {
      "name": "impl",
      "resolvedPath": ".claude/phases/impl.ts",
      "contentHash": "3d0267ea72f28afe5161fa137bd1a6fd85baa603e13cb2f8324c2c0310520e6d",
      "schemaHash": "ed4e8c293093075a364653d8c077f44d68157174b7b276fbdfafb9f31fc1207d"
    },
    {
      "name": "needs-attention",
      "resolvedPath": ".claude/phases/needs-attention.ts",
      "contentHash": "fc5b1fdec54b7ee9f2ad0af9b3ce5c78f72bf6eae395c8c3d87323df0dd0fbc1",
      "schemaHash": "acee09becf66bc4ce4a92a0a0533840eb0c988f0f2eb0f6eac3a77227ed5267a"
    },
    {
      "name": "qa",
      "resolvedPath": ".claude/phases/qa.ts",
      "contentHash": "5b9c6f948fffa4e8b39eda4a3db2e98e5488a714d62816f076b2635c555a8898",
      "schemaHash": "2c3159b3558360d1a25caf8e7f4401da2dba237bf3799807bc8c68497290cd40"
    },
    {
      "name": "repair",
      "resolvedPath": ".claude/phases/repair.ts",
      "contentHash": "460e66f951e830f36d9d8db107dfd21ba6ce96590883fa258d5b35dc56cad1a2",
      "schemaHash": "46d347d6bccd711c2069e8927617eb4a921e2c97f4b7038d4b5e5cdc90897c3a"
    },
    {
      "name": "review",
      "resolvedPath": ".claude/phases/review.ts",
      "contentHash": "ecc4ba4ad95601fea0f60b0fa5dfad116c431b5d8e7201be2992e5f8ce3f46e6",
      "schemaHash": "dbbe21e50a1a7a002a56c511d456060166ea94c6d15b2400e7f8283c861ed83d"
    },
    {
      "name": "triage",
      "resolvedPath": ".claude/phases/triage.ts",
      "contentHash": "14efba6a38d9b84f65bd4d0ff33772b3fe5eac029e8235d2cdf656602b7b2df9",
      "schemaHash": "03a042ac366a29c9f33de68cf1b24300bc899126e4084a4fa1303247afbc772c"
    }
  ],
  "automations": [
    {
      "name": "cleanup",
      "resolvedPath": ".claude/automation/cleanup.ts",
      "contentHash": "605790118bd7c1465949f4c0cf9c7c125be97af1da7aa140a4a3b8829a4221c1",
      "events": [
        "pr.merged"
      ],
      "enabled": true
    }
  ]
}
