{
  "version": 1,
  "manifestHash": "54c18f54a04e93dc4e8a4326450571a9f2b8a32d01c89049edf0d0430cc67c3f",
  "phases": [
    {
      "name": "done",
      "resolvedPath": ".claude/phases/done.ts",
      "contentHash": "e902cdf29ffa521b13e23f22d371ec871ad8915bd1ae4cd9eaad112d7ced1ea9",
      "schemaHash": "65b20b69643a6f7b1250b4949e0d1dffd022aa9573aadd952a07759879ebc98f"
    },
    {
      "name": "impl",
      "resolvedPath": ".claude/phases/impl.ts",
      "contentHash": "b1209bf621da7a8ff5ea923b3ae4185ad640b2a888a498d87b97e6aa60e7ace4",
      "schemaHash": "ed4e8c293093075a364653d8c077f44d68157174b7b276fbdfafb9f31fc1207d"
    },
    {
      "name": "needs-attention",
      "resolvedPath": ".claude/phases/needs-attention.ts",
      "contentHash": "bda9ee83b3ad735e90e4e77e7cff658eda27d3d4dfda1b7c74e991f7b401ba19",
      "schemaHash": "acee09becf66bc4ce4a92a0a0533840eb0c988f0f2eb0f6eac3a77227ed5267a"
    },
    {
      "name": "qa",
      "resolvedPath": ".claude/phases/qa.ts",
      "contentHash": "20c6ac88fa2617869fe72559f2cea9e3c75cb587eb8ea26e3097cb120ace5155",
      "schemaHash": "66b1bd5b7c26aa20da4c2ff6e00833f356f498cfd11db3c91a465677355b4682"
    },
    {
      "name": "repair",
      "resolvedPath": ".claude/phases/repair.ts",
      "contentHash": "824566acb436e05cd7f38db20d2dafbb3784f7faf8020ab0c9e51f5069a07ef1",
      "schemaHash": "6087a7acbe537a99be7fc67a113aa452d2c3278063982cd662c14d0f61ec77bf"
    },
    {
      "name": "review",
      "resolvedPath": ".claude/phases/review.ts",
      "contentHash": "aa4f1a4d739024598a370232e642449c3b31f03958bb017fe63740e7e8fed337",
      "schemaHash": "cdfdf6e6f31057a2d3dd8add0c4ed9680db448709e1c099e401edfe9debb274b"
    },
    {
      "name": "triage",
      "resolvedPath": ".claude/phases/triage.ts",
      "contentHash": "e857549d1c4703ff32576cd3a2960b4aa29f94129217fd66addd5acc209b7759",
      "schemaHash": "413c819e04458a7974767cb5940778bf30622d01836e4d80722689870103a728"
    }
  ]
}
