{
  "version": 1,
  "manifestHash": "54c18f54a04e93dc4e8a4326450571a9f2b8a32d01c89049edf0d0430cc67c3f",
  "phases": [
    {
      "name": "done",
      "resolvedPath": ".claude/phases/done.ts",
      "contentHash": "00da61518d996e4f1a1b546ff3b9124e92307af57d40219e9e771b8de16ca0ec",
      "schemaHash": "9372884f31b3b15e6e376bde8800b6a47f97230a4e3faf96f0948d1255b64262"
    },
    {
      "name": "impl",
      "resolvedPath": ".claude/phases/impl.ts",
      "contentHash": "09104e973e4b36364a1d2618b8b76342d4d4a6c69f3d50d8de341d27486869c5",
      "schemaHash": "ed4e8c293093075a364653d8c077f44d68157174b7b276fbdfafb9f31fc1207d"
    },
    {
      "name": "needs-attention",
      "resolvedPath": ".claude/phases/needs-attention.ts",
      "contentHash": "a75d70a8fcaa6812ba4bc3ede150f95ef048d0bf0b4f5cf468d4d1afb8f46c10",
      "schemaHash": "acee09becf66bc4ce4a92a0a0533840eb0c988f0f2eb0f6eac3a77227ed5267a"
    },
    {
      "name": "qa",
      "resolvedPath": ".claude/phases/qa.ts",
      "contentHash": "d18ddcbac045609431577fc503e6b761430355b0e63b0df5c65fd221242b7f00",
      "schemaHash": "66b1bd5b7c26aa20da4c2ff6e00833f356f498cfd11db3c91a465677355b4682"
    },
    {
      "name": "repair",
      "resolvedPath": ".claude/phases/repair.ts",
      "contentHash": "36b04fe5073d590fabd957abb82d8f6c6255c8358ea3ee2d1f85715236bb2801",
      "schemaHash": "6087a7acbe537a99be7fc67a113aa452d2c3278063982cd662c14d0f61ec77bf"
    },
    {
      "name": "review",
      "resolvedPath": ".claude/phases/review.ts",
      "contentHash": "5f995f8861da6a42f16464687feb50eeef1599e733b177cff86dfb544a9c77b6",
      "schemaHash": "cdfdf6e6f31057a2d3dd8add0c4ed9680db448709e1c099e401edfe9debb274b"
    },
    {
      "name": "triage",
      "resolvedPath": ".claude/phases/triage.ts",
      "contentHash": "4664c05d1a526bb591128f30535b8fc803974b7081d36132109bf643a63da630",
      "schemaHash": "413c819e04458a7974767cb5940778bf30622d01836e4d80722689870103a728"
    }
  ]
}
